// !$*UTF8*$!
{
	archiveVersion = 1;
	classes = {
	};
	objectVersion = 50;
	objects = {

/* Begin PBXBuildFile section */
		4482ECC826D253C5005B719C /* AppDelegate.swift in Sources */ = {isa = PBXBuildFile; fileRef = 4482ECC726D253C5005B719C /* AppDelegate.swift */; };
		4482ECCA26D253C5005B719C /* SceneDelegate.swift in Sources */ = {isa = PBXBuildFile; fileRef = 4482ECC926D253C5005B719C /* SceneDelegate.swift */; };
		4482ECCF26D253C5005B719C /* Main.storyboard in Resources */ = {isa = PBXBuildFile; fileRef = 4482ECCD26D253C5005B719C /* Main.storyboard */; };
		4482ECD126D253C9005B719C /* Assets.xcassets in Resources */ = {isa = PBXBuildFile; fileRef = 4482ECD026D253C9005B719C /* Assets.xcassets */; };
		4482ECD426D253C9005B719C /* LaunchScreen.storyboard in Resources */ = {isa = PBXBuildFile; fileRef = 4482ECD226D253C9005B719C /* LaunchScreen.storyboard */; };
		4482ECDE26D25471005B719C /* ForYouViewController.swift in Sources */ = {isa = PBXBuildFile; fileRef = 4482ECDD26D25471005B719C /* ForYouViewController.swift */; };
		4482ECE026D25490005B719C /* SearchViewController.swift in Sources */ = {isa = PBXBuildFile; fileRef = 4482ECDF26D25490005B719C /* SearchViewController.swift */; };
		4482ECE226D254A9005B719C /* MediaLibraryViewController.swift in Sources */ = {isa = PBXBuildFile; fileRef = 4482ECE126D254A8005B719C /* MediaLibraryViewController.swift */; };
		4482ECE426D2555E005B719C /* MainViewController.swift in Sources */ = {isa = PBXBuildFile; fileRef = 4482ECE326D2555E005B719C /* MainViewController.swift */; };
		4482ECE826D255E3005B719C /* Model.swift in Sources */ = {isa = PBXBuildFile; fileRef = 4482ECE726D255E3005B719C /* Model.swift */; };
		4482ECEB26D25670005B719C /* ListCollectionViewCell.swift in Sources */ = {isa = PBXBuildFile; fileRef = 4482ECEA26D25670005B719C /* ListCollectionViewCell.swift */; };
		4482ECED26D25697005B719C /* AlbumCollectionViewCell.swift in Sources */ = {isa = PBXBuildFile; fileRef = 4482ECEC26D25697005B719C /* AlbumCollectionViewCell.swift */; };
/* End PBXBuildFile section */

/* Begin PBXFileReference section */
		4482ECC426D253C5005B719C /* CollectionViewPhotos.app */ = {isa = PBXFileReference; explicitFileType = wrapper.application; includeInIndex = 0; path = CollectionViewPhotos.app; sourceTree = BUILT_PRODUCTS_DIR; };
		4482ECC726D253C5005B719C /* AppDelegate.swift */ = {isa = PBXFileReference; lastKnownFileType = sourcecode.swift; path = AppDelegate.swift; sourceTree = "<group>"; };
		4482ECC926D253C5005B719C /* SceneDelegate.swift */ = {isa = PBXFileReference; lastKnownFileType = sourcecode.swift; path = SceneDelegate.swift; sourceTree = "<group>"; };
		4482ECCE26D253C5005B719C /* Base */ = {isa = PBXFileReference; lastKnownFileType = file.storyboard; name = Base; path = Base.lproj/Main.storyboard; sourceTree = "<group>"; };
		4482ECD026D253C9005B719C /* Assets.xcassets */ = {isa = PBXFileReference; lastKnownFileType = folder.assetcatalog; path = Assets.xcassets; sourceTree = "<group>"; };
		4482ECD326D253C9005B719C /* Base */ = {isa = PBXFileReference; lastKnownFileType = file.storyboard; name = Base; path = Base.lproj/LaunchScreen.storyboard; sourceTree = "<group>"; };
		4482ECD526D253C9005B719C /* Info.plist */ = {isa = PBXFileReference; lastKnownFileType = text.plist.xml; path = Info.plist; sourceTree = "<group>"; };
		4482ECDD26D25471005B719C /* ForYouViewController.swift */ = {isa = PBXFileReference; lastKnownFileType = sourcecode.swift; path = ForYouViewController.swift; sourceTree = "<group>"; };
		4482ECDF26D25490005B719C /* SearchViewController.swift */ = {isa = PBXFileReference; lastKnownFileType = sourcecode.swift; path = SearchViewController.swift; sourceTree = "<group>"; };
		4482ECE126D254A8005B719C /* MediaLibraryViewController.swift */ = {isa = PBXFileReference; lastKnownFileType = sourcecode.swift; path = MediaLibraryViewController.swift; sourceTree = "<group>"; };
		4482ECE326D2555E005B719C /* MainViewController.swift */ = {isa = PBXFileReference; lastKnownFileType = sourcecode.swift; path = MainViewController.swift; sourceTree = "<group>"; };
		4482ECE726D255E3005B719C /* Model.swift */ = {isa = PBXFileReference; lastKnownFileType = sourcecode.swift; path = Model.swift; sourceTree = "<group>"; };
		4482ECEA26D25670005B719C /* ListCollectionViewCell.swift */ = {isa = PBXFileReference; lastKnownFileType = sourcecode.swift; path = ListCollectionViewCell.swift; sourceTree = "<group>"; };
		4482ECEC26D25697005B719C /* AlbumCollectionViewCell.swift */ = {isa = PBXFileReference; lastKnownFileType = sourcecode.swift; path = AlbumCollectionViewCell.swift; sourceTree = "<group>"; };
/* End PBXFileReference section */

/* Begin PBXFrameworksBuildPhase section */
		4482ECC126D253C5005B719C /* Frameworks */ = {
			isa = PBXFrameworksBuildPhase;
			buildActionMask = 2147483647;
			files = (
			);
			runOnlyForDeploymentPostprocessing = 0;
		};
/* End PBXFrameworksBuildPhase section */

/* Begin PBXGroup section */
		4482ECBB26D253C5005B719C = {
			isa = PBXGroup;
			children = (
				4482ECC626D253C5005B719C /* CollectionViewPhotos */,
				4482ECC526D253C5005B719C /* Products */,
			);
			sourceTree = "<group>";
		};
		4482ECC526D253C5005B719C /* Products */ = {
			isa = PBXGroup;
			children = (
				4482ECC426D253C5005B719C /* CollectionViewPhotos.app */,
			);
			name = Products;
			sourceTree = "<group>";
		};
		4482ECC626D253C5005B719C /* CollectionViewPhotos */ = {
			isa = PBXGroup;
			children = (
				4482ECE926D2565E005B719C /* Cells */,
				4482ECDC26D25459005B719C /* Model */,
				4482ECDB26D25450005B719C /* Controllers */,
				4482ECC726D253C5005B719C /* AppDelegate.swift */,
				4482ECC926D253C5005B719C /* SceneDelegate.swift */,
				4482ECCD26D253C5005B719C /* Main.storyboard */,
				4482ECD026D253C9005B719C /* Assets.xcassets */,
				4482ECD226D253C9005B719C /* LaunchScreen.storyboard */,
				4482ECD526D253C9005B719C /* Info.plist */,
			);
			path = CollectionViewPhotos;
			sourceTree = "<group>";
		};
		4482ECDB26D25450005B719C /* Controllers */ = {
			isa = PBXGroup;
			children = (
				4482ECDD26D25471005B719C /* ForYouViewController.swift */,
				4482ECDF26D25490005B719C /* SearchViewController.swift */,
				4482ECE126D254A8005B719C /* MediaLibraryViewController.swift */,
				4482ECE326D2555E005B719C /* MainViewController.swift */,
			);
			path = Controllers;
			sourceTree = "<group>";
		};
		4482ECDC26D25459005B719C /* Model */ = {
			isa = PBXGroup;
			children = (
				4482ECE726D255E3005B719C /* Model.swift */,
			);
			path = Model;
			sourceTree = "<group>";
		};
		4482ECE926D2565E005B719C /* Cells */ = {
			isa = PBXGroup;
			children = (
				4482ECEA26D25670005B719C /* ListCollectionViewCell.swift */,
				4482ECEC26D25697005B719C /* AlbumCollectionViewCell.swift */,
			);
			path = Cells;
			sourceTree = "<group>";
		};
/* End PBXGroup section */

/* Begin PBXNativeTarget section */
		4482ECC326D253C5005B719C /* CollectionViewPhotos */ = {
			isa = PBXNativeTarget;
			buildConfigurationList = 4482ECD826D253C9005B719C /* Build configuration list for PBXNativeTarget "CollectionViewPhotos" */;
			buildPhases = (
				4482ECC026D253C5005B719C /* Sources */,
				4482ECC126D253C5005B719C /* Frameworks */,
				4482ECC226D253C5005B719C /* Resources */,
			);
			buildRules = (
			);
			dependencies = (
			);
			name = CollectionViewPhotos;
			productName = CollectionViewPhotos;
			productReference = 4482ECC426D253C5005B719C /* CollectionViewPhotos.app */;
			productType = "com.apple.product-type.application";
		};
/* End PBXNativeTarget section */

/* Begin PBXProject section */
		4482ECBC26D253C5005B719C /* Project object */ = {
			isa = PBXProject;
			attributes = {
				LastSwiftUpdateCheck = 1250;
				LastUpgradeCheck = 1250;
				TargetAttributes = {
					4482ECC326D253C5005B719C = {
						CreatedOnToolsVersion = 12.5.1;
					};
				};
			};
			buildConfigurationList = 4482ECBF26D253C5005B719C /* Build configuration list for PBXProject "CollectionViewPhotos" */;
			compatibilityVersion = "Xcode 9.3";
			developmentRegion = en;
			hasScannedForEncodings = 0;
			knownRegions = (
				en,
				Base,
			);
			mainGroup = 4482ECBB26D253C5005B719C;
			productRefGroup = 4482ECC526D253C5005B719C /* Products */;
			projectDirPath = "";
			projectRoot = "";
			targets = (
				4482ECC326D253C5005B719C /* CollectionViewPhotos */,
			);
		};
/* End PBXProject section */

/* Begin PBXResourcesBuildPhase section */
		4482ECC226D253C5005B719C /* Resources */ = {
			isa = PBXResourcesBuildPhase;
			buildActionMask = 2147483647;
			files = (
				4482ECD426D253C9005B719C /* LaunchScreen.storyboard in Resources */,
				4482ECD126D253C9005B719C /* Assets.xcassets in Resources */,
				4482ECCF26D253C5005B719C /* Main.storyboard in Resources */,
			);
			runOnlyForDeploymentPostprocessing = 0;
		};
/* End PBXResourcesBuildPhase section */

/* Begin PBXSourcesBuildPhase section */
		4482ECC026D253C5005B719C /* Sources */ = {
			isa = PBXSourcesBuildPhase;
			buildActionMask = 2147483647;
			files = (
				4482ECED26D25697005B719C /* AlbumCollectionViewCell.swift in Sources */,
				4482ECE826D255E3005B719C /* Model.swift in Sources */,
				4482ECDE26D25471005B719C /* ForYouViewController.swift in Sources */,
				4482ECEB26D25670005B719C /* ListCollectionViewCell.swift in Sources */,
				4482ECC826D253C5005B719C /* AppDelegate.swift in Sources */,
				4482ECE026D25490005B719C /* SearchViewController.swift in Sources */,
				4482ECE426D2555E005B719C /* MainViewController.swift in Sources */,
				4482ECCA26D253C5005B719C /* SceneDelegate.swift in Sources */,
				4482ECE226D254A9005B719C /* MediaLibraryViewController.swift in Sources */,
			);
			runOnlyForDeploymentPostprocessing = 0;
		};
/* End PBXSourcesBuildPhase section */

/* Begin PBXVariantGroup section */
		4482ECCD26D253C5005B719C /* Main.storyboard */ = {
			isa = PBXVariantGroup;
			children = (
				4482ECCE26D253C5005B719C /* Base */,
			);
			name = Main.storyboard;
			sourceTree = "<group>";
		};
		4482ECD226D253C9005B719C /* LaunchScreen.storyboard */ = {
			isa = PBXVariantGroup;
			children = (
				4482ECD326D253C9005B719C /* Base */,
			);
			name = LaunchScreen.storyboard;
			sourceTree = "<group>";
		};
/* End PBXVariantGroup section */

/* Begin XCBuildConfiguration section */
		4482ECD626D253C9005B719C /* Debug */ = {
			isa = XCBuildConfiguration;
			buildSettings = {
				ALWAYS_SEARCH_USER_PATHS = NO;
				CLANG_ANALYZER_NONNULL = YES;
				CLANG_ANALYZER_NUMBER_OBJECT_CONVERSION = YES_AGGRESSIVE;
				CLANG_CXX_LANGUAGE_STANDARD = "gnu++14";
				CLANG_CXX_LIBRARY = "libc++";
				CLANG_ENABLE_MODULES = YES;
				CLANG_ENABLE_OBJC_ARC = YES;
				CLANG_ENABLE_OBJC_WEAK = YES;
				CLANG_WARN_BLOCK_CAPTURE_AUTORELEASING = YES;
				CLANG_WARN_BOOL_CONVERSION = YES;
				CLANG_WARN_COMMA = YES;
				CLANG_WARN_CONSTANT_CONVERSION = YES;
				CLANG_WARN_DEPRECATED_OBJC_IMPLEMENTATIONS = YES;
				CLANG_WARN_DIRECT_OBJC_ISA_USAGE = YES_ERROR;
				CLANG_WARN_DOCUMENTATION_COMMENTS = YES;
				CLANG_WARN_EMPTY_BODY = YES;
				CLANG_WARN_ENUM_CONVERSION = YES;
				CLANG_WARN_INFINITE_RECURSION = YES;
				CLANG_WARN_INT_CONVERSION = YES;
				CLANG_WARN_NON_LITERAL_NULL_CONVERSION = YES;
				CLANG_WARN_OBJC_IMPLICIT_RETAIN_SELF = YES;
				CLANG_WARN_OBJC_LITERAL_CONVERSION = YES;
				CLANG_WARN_OBJC_ROOT_CLASS = YES_ERROR;
				CLANG_WARN_QUOTED_INCLUDE_IN_FRAMEWORK_HEADER = YES;
				CLANG_WARN_RANGE_LOOP_ANALYSIS = YES;
				CLANG_WARN_STRICT_PROTOTYPES = YES;
				CLANG_WARN_SUSPICIOUS_MOVE = YES;
				CLANG_WARN_UNGUARDED_AVAILABILITY = YES_AGGRESSIVE;
				CLANG_WARN_UNREACHABLE_CODE = YES;
				CLANG_WARN__DUPLICATE_METHOD_MATCH = YES;
				COPY_PHASE_STRIP = NO;
				DEBUG_INFORMATION_FORMAT = dwarf;
				ENABLE_STRICT_OBJC_MSGSEND = YES;
				ENABLE_TESTABILITY = YES;
				GCC_C_LANGUAGE_STANDARD = gnu11;
				GCC_DYNAMIC_NO_PIC = NO;
				GCC_NO_COMMON_BLOCKS = YES;
				GCC_OPTIMIZATION_LEVEL = 0;
				GCC_PREPROCESSOR_DEFINITIONS = (
					"DEBUG=1",
					"$(inherited)",
				);
				GCC_WARN_64_TO_32_BIT_CONVERSION = YES;
				GCC_WARN_ABOUT_RETURN_TYPE = YES_ERROR;
				GCC_WARN_UNDECLARED_SELECTOR = YES;
				GCC_WARN_UNINITIALIZED_AUTOS = YES_AGGRESSIVE;
				GCC_WARN_UNUSED_FUNCTION = YES;
				GCC_WARN_UNUSED_VARIABLE = YES;
				IPHONEOS_DEPLOYMENT_TARGET = 14.5;
				MTL_ENABLE_DEBUG_INFO = INCLUDE_SOURCE;
				MTL_FAST_MATH = YES;
				ONLY_ACTIVE_ARCH = YES;
				SDKROOT = iphoneos;
				SWIFT_ACTIVE_COMPILATION_CONDITIONS = DEBUG;
				SWIFT_OPTIMIZATION_LEVEL = "-Onone";
			};
			name = Debug;
		};
		4482ECD726D253C9005B719C /* Release */ = {
			isa = XCBuildConfiguration;
			buildSettings = {
				ALWAYS_SEARCH_USER_PATHS = NO;
				CLANG_ANALYZER_NONNULL = YES;
				CLANG_ANALYZER_NUMBER_OBJECT_CONVERSION = YES_AGGRESSIVE;
				CLANG_CXX_LANGUAGE_STANDARD = "gnu++14";
				CLANG_CXX_LIBRARY = "libc++";
				CLANG_ENABLE_MODULES = YES;
				CLANG_ENABLE_OBJC_ARC = YES;
				CLANG_ENABLE_OBJC_WEAK = YES;
				CLANG_WARN_BLOCK_CAPTURE_AUTORELEASING = YES;
				CLANG_WARN_BOOL_CONVERSION = YES;
				CLANG_WARN_COMMA = YES;
				CLANG_WARN_CONSTANT_CONVERSION = YES;
				CLANG_WARN_DEPRECATED_OBJC_IMPLEMENTATIONS = YES;
				CLANG_WARN_DIRECT_OBJC_ISA_USAGE = YES_ERROR;
				CLANG_WARN_DOCUMENTATION_COMMENTS = YES;
				CLANG_WARN_EMPTY_BODY = YES;
				CLANG_WARN_ENUM_CONVERSION = YES;
				CLANG_WARN_INFINITE_RECURSION = YES;
				CLANG_WARN_INT_CONVERSION = YES;
				CLANG_WARN_NON_LITERAL_NULL_CONVERSION = YES;
				CLANG_WARN_OBJC_IMPLICIT_RETAIN_SELF = YES;
				CLANG_WARN_OBJC_LITERAL_CONVERSION = YES;
				CLANG_WARN_OBJC_ROOT_CLASS = YES_ERROR;
				CLANG_WARN_QUOTED_INCLUDE_IN_FRAMEWORK_HEADER = YES;
				CLANG_WARN_RANGE_LOOP_ANALYSIS = YES;
				CLANG_WARN_STRICT_PROTOTYPES = YES;
				CLANG_WARN_SUSPICIOUS_MOVE = YES;
				CLANG_WARN_UNGUARDED_AVAILABILITY = YES_AGGRESSIVE;
				CLANG_WARN_UNREACHABLE_CODE = YES;
				CLANG_WARN__DUPLICATE_METHOD_MATCH = YES;
				COPY_PHASE_STRIP = NO;
				DEBUG_INFORMATION_FORMAT = "dwarf-with-dsym";
				ENABLE_NS_ASSERTIONS = NO;
				ENABLE_STRICT_OBJC_MSGSEND = YES;
				GCC_C_LANGUAGE_STANDARD = gnu11;
				GCC_NO_COMMON_BLOCKS = YES;
				GCC_WARN_64_TO_32_BIT_CONVERSION = YES;
				GCC_WARN_ABOUT_RETURN_TYPE = YES_ERROR;
				GCC_WARN_UNDECLARED_SELECTOR = YES;
				GCC_WARN_UNINITIALIZED_AUTOS = YES_AGGRESSIVE;
				GCC_WARN_UNUSED_FUNCTION = YES;
				GCC_WARN_UNUSED_VARIABLE = YES;
				IPHONEOS_DEPLOYMENT_TARGET = 14.5;
				MTL_ENABLE_DEBUG_INFO = NO;
				MTL_FAST_MATH = YES;
				SDKROOT = iphoneos;
				SWIFT_COMPILATION_MODE = wholemodule;
				SWIFT_OPTIMIZATION_LEVEL = "-O";
				VALIDATE_PRODUCT = YES;
			};
			name = Release;
		};
		4482ECD926D253C9005B719C /* Debug */ = {
			isa = XCBuildConfiguration;
			buildSettings = {
				ASSETCATALOG_COMPILER_APPICON_NAME = AppIcon;
				ASSETCATALOG_COMPILER_GLOBAL_ACCENT_COLOR_NAME = AccentColor;
				CODE_SIGN_STYLE = Automatic;
				INFOPLIST_FILE = CollectionViewPhotos/Info.plist;
				LD_RUNPATH_SEARCH_PATHS = (
					"$(inherited)",
					"@executable_path/Frameworks",
				);
				PRODUCT_BUNDLE_IDENTIFIER = mari.CollectionViewPhotos;
				PRODUCT_NAME = "$(TARGET_NAME)";
				SWIFT_VERSION = 5.0;
				TARGETED_DEVICE_FAMILY = "1,2";
			};
			name = Debug;
		};
		4482ECDA26D253C9005B719C /* Release */ = {
			isa = XCBuildConfiguration;
			buildSettings = {
				ASSETCATALOG_COMPILER_APPICON_NAME = AppIcon;
				ASSETCATALOG_COMPILER_GLOBAL_ACCENT_COLOR_NAME = AccentColor;
				CODE_SIGN_STYLE = Automatic;
				INFOPLIST_FILE = CollectionViewPhotos/Info.plist;
				LD_RUNPATH_SEARCH_PATHS = (
					"$(inherited)",
					"@executable_path/Frameworks",
				);
				PRODUCT_BUNDLE_IDENTIFIER = mari.CollectionViewPhotos;
				PRODUCT_NAME = "$(TARGET_NAME)";
				SWIFT_VERSION = 5.0;
				TARGETED_DEVICE_FAMILY = "1,2";
			};
			name = Release;
		};
/* End XCBuildConfiguration section */

/* Begin XCConfigurationList section */
		4482ECBF26D253C5005B719C /* Build configuration list for PBXProject "CollectionViewPhotos" */ = {
			isa = XCConfigurationList;
			buildConfigurations = (
				4482ECD626D253C9005B719C /* Debug */,
				4482ECD726D253C9005B719C /* Release */,
			);
			defaultConfigurationIsVisible = 0;
			defaultConfigurationName = Release;
		};
		4482ECD826D253C9005B719C /* Build configuration list for PBXNativeTarget "CollectionViewPhotos" */ = {
			isa = XCConfigurationList;
			buildConfigurations = (
				4482ECD926D253C9005B719C /* Debug */,
				4482ECDA26D253C9005B719C /* Release */,
			);
			defaultConfigurationIsVisible = 0;
			defaultConfigurationName = Release;
		};
/* End XCConfigurationList section */
	};
	rootObject = 4482ECBC26D253C5005B719C /* Project object */;
}
